
Microsoft Visual Studio Solution File, Format Version 12.00
# Visual Studio Version 16
VisualStudioVersion = 16.0.31424.327
MinimumVisualStudioVersion = 10.0.40219.1
Project("{9A19103F-16F7-4668-BE54-9A1E7A4F7556}") = "CoreWebAppWithoutMVCFolder", "CoreWebAppWithoutMVCFolder.csproj", "{5ACE83DE-903D-402A-905D-CCCD3AD0EA42}"
EndProject
Project("{FAE04EC0-301F-11D3-BF4B-00C04F79EFBC}") = "CodeFirstApproach9Pm", "..\CodeFirstApproach9Pm\CodeFirstApproach9Pm.csproj", "{49D75B11-3F99-41CF-B509-276AC36F6FA3}"
EndProject
Global
	GlobalSection(SolutionConfigurationPlatforms) = preSolution
		Debug|Any CPU = Debug|Any CPU
		Release|Any CPU = Release|Any CPU
	EndGlobalSection
	GlobalSection(ProjectConfigurationPlatforms) = postSolution
		{5ACE83DE-903D-402A-905D-CCCD3AD0EA42}.Debug|Any CPU.ActiveCfg = Debug|Any CPU
		{5ACE83DE-903D-402A-905D-CCCD3AD0EA42}.Debug|Any CPU.Build.0 = Debug|Any CPU
		{5ACE83DE-903D-402A-905D-CCCD3AD0EA42}.Release|Any CPU.ActiveCfg = Release|Any CPU
		{5ACE83DE-903D-402A-905D-CCCD3AD0EA42}.Release|Any CPU.Build.0 = Release|Any CPU
		{49D75B11-3F99-41CF-B509-276AC36F6FA3}.Debug|Any CPU.ActiveCfg = Debug|Any CPU
		{49D75B11-3F99-41CF-B509-276AC36F6FA3}.Debug|Any CPU.Build.0 = Debug|Any CPU
		{49D75B11-3F99-41CF-B509-276AC36F6FA3}.Release|Any CPU.ActiveCfg = Release|Any CPU
		{49D75B11-3F99-41CF-B509-276AC36F6FA3}.Release|Any CPU.Build.0 = Release|Any CPU
	EndGlobalSection
	GlobalSection(SolutionProperties) = preSolution
		HideSolutionNode = FALSE
	EndGlobalSection
	GlobalSection(ExtensibilityGlobals) = postSolution
		SolutionGuid = {E757CD50-2205-43F0-BCAE-CEEE385A3B09}
	EndGlobalSection
EndGlobal
